// !$*UTF8*$!
{
	archiveVersion = 1;
	classes = {
	};
	objectVersion = 56;
	objects = {

/* Begin PBXBuildFile section */
		2B2DC1AD2C84D5B6004B28DA /* HeartTrackerApp.swift in Sources */ = {isa = PBXBuildFile; fileRef = 2B2DC1AC2C84D5B6004B28DA /* HeartTrackerApp.swift */; };
		2B2DC1AF2C84D5B6004B28DA /* ContentView.swift in Sources */ = {isa = PBXBuildFile; fileRef = 2B2DC1AE2C84D5B6004B28DA /* ContentView.swift */; };
		2B2DC1B12C84D5B7004B28DA /* Assets.xcassets in Resources */ = {isa = PBXBuildFile; fileRef = 2B2DC1B02C84D5B7004B28DA /* Assets.xcassets */; };
		2B2DC1B42C84D5B7004B28DA /* Preview Assets.xcassets in Resources */ = {isa = PBXBuildFile; fileRef = 2B2DC1B32C84D5B7004B28DA /* Preview Assets.xcassets */; };
		2B2DC1BA2C84D5B7004B28DA /* HeartTracker.app in Embed Watch Content */ = {isa = PBXBuildFile; fileRef = 2B2DC1B92C84D5B7004B28DA /* HeartTracker.app */; settings = {ATTRIBUTES = (RemoveHeadersOnCopy, ); }; };
		2B2DC1BF2C84D5B7004B28DA /* HeartTrackerApp.swift in Sources */ = {isa = PBXBuildFile; fileRef = 2B2DC1BE2C84D5B7004B28DA /* HeartTrackerApp.swift */; };
		2B2DC1C12C84D5B7004B28DA /* ContentView.swift in Sources */ = {isa = PBXBuildFile; fileRef = 2B2DC1C02C84D5B7004B28DA /* ContentView.swift */; };
		2B2DC1C32C84D5B8004B28DA /* Assets.xcassets in Resources */ = {isa = PBXBuildFile; fileRef = 2B2DC1C22C84D5B8004B28DA /* Assets.xcassets */; };
		2B2DC1C62C84D5B8004B28DA /* Preview Assets.xcassets in Resources */ = {isa = PBXBuildFile; fileRef = 2B2DC1C52C84D5B8004B28DA /* Preview Assets.xcassets */; };
		2B2DC1CE2C84D629004B28DA /* HeartTracker.swift in Sources */ = {isa = PBXBuildFile; fileRef = 2B2DC1A42C84C921004B28DA /* HeartTracker.swift */; };
		2BA1180C2C88407E0095836F /* WatchConnectivity.swift in Sources */ = {isa = PBXBuildFile; fileRef = 2BA1180B2C88407E0095836F /* WatchConnectivity.swift */; };
		2BA1180E2C8844E80095836F /* iOSConnectivity.swift in Sources */ = {isa = PBXBuildFile; fileRef = 2BA1180D2C8844E80095836F /* iOSConnectivity.swift */; };
		2BA118102C884EEF0095836F /* HeartRate.swift in Sources */ = {isa = PBXBuildFile; fileRef = 2BA1180F2C884EEF0095836F /* HeartRate.swift */; };
/* End PBXBuildFile section */

/* Begin PBXContainerItemProxy section */
		2B2DC1BB2C84D5B7004B28DA /* PBXContainerItemProxy */ = {
			isa = PBXContainerItemProxy;
			containerPortal = 2B2C86122C84C733000A05D6 /* Project object */;
			proxyType = 1;
			remoteGlobalIDString = 2B2DC1B82C84D5B7004B28DA;
			remoteInfo = "HeartTracker Watch App";
		};
/* End PBXContainerItemProxy section */

/* Begin PBXCopyFilesBuildPhase section */
		2B2DC1CA2C84D5B8004B28DA /* Embed Watch Content */ = {
			isa = PBXCopyFilesBuildPhase;
			buildActionMask = 2147483647;
			dstPath = "$(CONTENTS_FOLDER_PATH)/Watch";
			dstSubfolderSpec = 16;
			files = (
				2B2DC1BA2C84D5B7004B28DA /* HeartTracker.app in Embed Watch Content */,
			);
			name = "Embed Watch Content";
			runOnlyForDeploymentPostprocessing = 0;
		};
/* End PBXCopyFilesBuildPhase section */

/* Begin PBXFileReference section */
		2B2DC1A42C84C921004B28DA /* HeartTracker.swift */ = {isa = PBXFileReference; lastKnownFileType = sourcecode.swift; path = HeartTracker.swift; sourceTree = "<group>"; };
		2B2DC1AA2C84D5B6004B28DA /* HeartTracker.app */ = {isa = PBXFileReference; explicitFileType = wrapper.application; includeInIndex = 0; path = HeartTracker.app; sourceTree = BUILT_PRODUCTS_DIR; };
		2B2DC1AC2C84D5B6004B28DA /* HeartTrackerApp.swift */ = {isa = PBXFileReference; lastKnownFileType = sourcecode.swift; path = HeartTrackerApp.swift; sourceTree = "<group>"; };
		2B2DC1AE2C84D5B6004B28DA /* ContentView.swift */ = {isa = PBXFileReference; lastKnownFileType = sourcecode.swift; path = ContentView.swift; sourceTree = "<group>"; };
		2B2DC1B02C84D5B7004B28DA /* Assets.xcassets */ = {isa = PBXFileReference; lastKnownFileType = folder.assetcatalog; path = Assets.xcassets; sourceTree = "<group>"; };
		2B2DC1B32C84D5B7004B28DA /* Preview Assets.xcassets */ = {isa = PBXFileReference; lastKnownFileType = folder.assetcatalog; path = "Preview Assets.xcassets"; sourceTree = "<group>"; };
		2B2DC1B92C84D5B7004B28DA /* HeartTracker.app */ = {isa = PBXFileReference; explicitFileType = wrapper.application; includeInIndex = 0; path = HeartTracker.app; sourceTree = BUILT_PRODUCTS_DIR; };
		2B2DC1BE2C84D5B7004B28DA /* HeartTrackerApp.swift */ = {isa = PBXFileReference; lastKnownFileType = sourcecode.swift; path = HeartTrackerApp.swift; sourceTree = "<group>"; };
		2B2DC1C02C84D5B7004B28DA /* ContentView.swift */ = {isa = PBXFileReference; lastKnownFileType = sourcecode.swift; path = ContentView.swift; sourceTree = "<group>"; };
		2B2DC1C22C84D5B8004B28DA /* Assets.xcassets */ = {isa = PBXFileReference; lastKnownFileType = folder.assetcatalog; path = Assets.xcassets; sourceTree = "<group>"; };
		2B2DC1C52C84D5B8004B28DA /* Preview Assets.xcassets */ = {isa = PBXFileReference; lastKnownFileType = folder.assetcatalog; path = "Preview Assets.xcassets"; sourceTree = "<group>"; };
		2B2DC1CF2C84D7EB004B28DA /* HeartTracker.entitlements */ = {isa = PBXFileReference; lastKnownFileType = text.plist.entitlements; path = HeartTracker.entitlements; sourceTree = "<group>"; };
		2B4E447F2C84D8F300FB7AD3 /* HeartTracker Watch App.entitlements */ = {isa = PBXFileReference; lastKnownFileType = text.plist.entitlements; path = "HeartTracker Watch App.entitlements"; sourceTree = "<group>"; };
		2BA1180B2C88407E0095836F /* WatchConnectivity.swift */ = {isa = PBXFileReference; lastKnownFileType = sourcecode.swift; path = WatchConnectivity.swift; sourceTree = "<group>"; };
		2BA1180D2C8844E80095836F /* iOSConnectivity.swift */ = {isa = PBXFileReference; lastKnownFileType = sourcecode.swift; path = iOSConnectivity.swift; sourceTree = "<group>"; };
		2BA1180F2C884EEF0095836F /* HeartRate.swift */ = {isa = PBXFileReference; lastKnownFileType = sourcecode.swift; path = HeartRate.swift; sourceTree = "<group>"; };
/* End PBXFileReference section */

/* Begin PBXFrameworksBuildPhase section */
		2B2DC1A72C84D5B6004B28DA /* Frameworks */ = {
			isa = PBXFrameworksBuildPhase;
			buildActionMask = 2147483647;
			files = (
			);
			runOnlyForDeploymentPostprocessing = 0;
		};
		2B2DC1B62C84D5B7004B28DA /* Frameworks */ = {
			isa = PBXFrameworksBuildPhase;
			buildActionMask = 2147483647;
			files = (
			);
			runOnlyForDeploymentPostprocessing = 0;
		};
/* End PBXFrameworksBuildPhase section */

/* Begin PBXGroup section */
		2B2C86112C84C733000A05D6 = {
			isa = PBXGroup;
			children = (
				2B2DC1AB2C84D5B6004B28DA /* HeartTracker */,
				2B2DC1BD2C84D5B7004B28DA /* HeartTracker Watch App */,
				2B2C861B2C84C733000A05D6 /* Products */,
			);
			sourceTree = "<group>";
		};
		2B2C861B2C84C733000A05D6 /* Products */ = {
			isa = PBXGroup;
			children = (
				2B2DC1AA2C84D5B6004B28DA /* HeartTracker.app */,
				2B2DC1B92C84D5B7004B28DA /* HeartTracker.app */,
			);
			name = Products;
			sourceTree = "<group>";
		};
		2B2DC1AB2C84D5B6004B28DA /* HeartTracker */ = {
			isa = PBXGroup;
			children = (
				2B2DC1CF2C84D7EB004B28DA /* HeartTracker.entitlements */,
				2B2DC1AC2C84D5B6004B28DA /* HeartTrackerApp.swift */,
				2B2DC1AE2C84D5B6004B28DA /* ContentView.swift */,
				2BA1180B2C88407E0095836F /* WatchConnectivity.swift */,
				2BA1180F2C884EEF0095836F /* HeartRate.swift */,
				2B2DC1B02C84D5B7004B28DA /* Assets.xcassets */,
				2B2DC1B22C84D5B7004B28DA /* Preview Content */,
			);
			path = HeartTracker;
			sourceTree = "<group>";
		};
		2B2DC1B22C84D5B7004B28DA /* Preview Content */ = {
			isa = PBXGroup;
			children = (
				2B2DC1B32C84D5B7004B28DA /* Preview Assets.xcassets */,
			);
			path = "Preview Content";
			sourceTree = "<group>";
		};
		2B2DC1BD2C84D5B7004B28DA /* HeartTracker Watch App */ = {
			isa = PBXGroup;
			children = (
				2B4E447F2C84D8F300FB7AD3 /* HeartTracker Watch App.entitlements */,
				2B2DC1BE2C84D5B7004B28DA /* HeartTrackerApp.swift */,
				2B2DC1C02C84D5B7004B28DA /* ContentView.swift */,
				2B2DC1A42C84C921004B28DA /* HeartTracker.swift */,
				2BA1180D2C8844E80095836F /* iOSConnectivity.swift */,
				2B2DC1C22C84D5B8004B28DA /* Assets.xcassets */,
				2B2DC1C42C84D5B8004B28DA /* Preview Content */,
			);
			path = "HeartTracker Watch App";
			sourceTree = "<group>";
		};
		2B2DC1C42C84D5B8004B28DA /* Preview Content */ = {
			isa = PBXGroup;
			children = (
				2B2DC1C52C84D5B8004B28DA /* Preview Assets.xcassets */,
			);
			path = "Preview Content";
			sourceTree = "<group>";
		};
/* End PBXGroup section */

/* Begin PBXNativeTarget section */
		2B2DC1A92C84D5B6004B28DA /* HeartTracker */ = {
			isa = PBXNativeTarget;
			buildConfigurationList = 2B2DC1CB2C84D5B8004B28DA /* Build configuration list for PBXNativeTarget "HeartTracker" */;
			buildPhases = (
				2B2DC1A62C84D5B6004B28DA /* Sources */,
				2B2DC1A72C84D5B6004B28DA /* Frameworks */,
				2B2DC1A82C84D5B6004B28DA /* Resources */,
				2B2DC1CA2C84D5B8004B28DA /* Embed Watch Content */,
			);
			buildRules = (
			);
			dependencies = (
				2B2DC1BC2C84D5B7004B28DA /* PBXTargetDependency */,
			);
			name = HeartTracker;
			productName = HeartTracker;
			productReference = 2B2DC1AA2C84D5B6004B28DA /* HeartTracker.app */;
			productType = "com.apple.product-type.application";
		};
		2B2DC1B82C84D5B7004B28DA /* HeartTracker Watch App */ = {
			isa = PBXNativeTarget;
			buildConfigurationList = 2B2DC1C72C84D5B8004B28DA /* Build configuration list for PBXNativeTarget "HeartTracker Watch App" */;
			buildPhases = (
				2B2DC1B52C84D5B7004B28DA /* Sources */,
				2B2DC1B62C84D5B7004B28DA /* Frameworks */,
				2B2DC1B72C84D5B7004B28DA /* Resources */,
			);
			buildRules = (
			);
			dependencies = (
			);
			name = "HeartTracker Watch App";
			productName = "HeartTracker Watch App";
			productReference = 2B2DC1B92C84D5B7004B28DA /* HeartTracker.app */;
			productType = "com.apple.product-type.application";
		};
/* End PBXNativeTarget section */

/* Begin PBXProject section */
		2B2C86122C84C733000A05D6 /* Project object */ = {
			isa = PBXProject;
			attributes = {
				BuildIndependentTargetsInParallel = 1;
				LastSwiftUpdateCheck = 1540;
				LastUpgradeCheck = 1540;
				TargetAttributes = {
					2B2DC1A92C84D5B6004B28DA = {
						CreatedOnToolsVersion = 15.4;
					};
					2B2DC1B82C84D5B7004B28DA = {
						CreatedOnToolsVersion = 15.4;
					};
				};
			};
			buildConfigurationList = 2B2C86152C84C733000A05D6 /* Build configuration list for PBXProject "HeartRateTracker" */;
			compatibilityVersion = "Xcode 14.0";
			developmentRegion = en;
			hasScannedForEncodings = 0;
			knownRegions = (
				en,
				Base,
			);
			mainGroup = 2B2C86112C84C733000A05D6;
			productRefGroup = 2B2C861B2C84C733000A05D6 /* Products */;
			projectDirPath = "";
			projectRoot = "";
			targets = (
				2B2DC1A92C84D5B6004B28DA /* HeartTracker */,
				2B2DC1B82C84D5B7004B28DA /* HeartTracker Watch App */,
			);
		};
/* End PBXProject section */

/* Begin PBXResourcesBuildPhase section */
		2B2DC1A82C84D5B6004B28DA /* Resources */ = {
			isa = PBXResourcesBuildPhase;
			buildActionMask = 2147483647;
			files = (
				2B2DC1B42C84D5B7004B28DA /* Preview Assets.xcassets in Resources */,
				2B2DC1B12C84D5B7004B28DA /* Assets.xcassets in Resources */,
			);
			runOnlyForDeploymentPostprocessing = 0;
		};
		2B2DC1B72C84D5B7004B28DA /* Resources */ = {
			isa = PBXResourcesBuildPhase;
			buildActionMask = 2147483647;
			files = (
				2B2DC1C62C84D5B8004B28DA /* Preview Assets.xcassets in Resources */,
				2B2DC1C32C84D5B8004B28DA /* Assets.xcassets in Resources */,
			);
			runOnlyForDeploymentPostprocessing = 0;
		};
/* End PBXResourcesBuildPhase section */

/* Begin PBXSourcesBuildPhase section */
		2B2DC1A62C84D5B6004B28DA /* Sources */ = {
			isa = PBXSourcesBuildPhase;
			buildActionMask = 2147483647;
			files = (
				2BA1180C2C88407E0095836F /* WatchConnectivity.swift in Sources */,
				2B2DC1AF2C84D5B6004B28DA /* ContentView.swift in Sources */,
				2BA118102C884EEF0095836F /* HeartRate.swift in Sources */,
				2B2DC1AD2C84D5B6004B28DA /* HeartTrackerApp.swift in Sources */,
			);
			runOnlyForDeploymentPostprocessing = 0;
		};
		2B2DC1B52C84D5B7004B28DA /* Sources */ = {
			isa = PBXSourcesBuildPhase;
			buildActionMask = 2147483647;
			files = (
				2B2DC1C12C84D5B7004B28DA /* ContentView.swift in Sources */,
				2B2DC1CE2C84D629004B28DA /* HeartTracker.swift in Sources */,
				2BA1180E2C8844E80095836F /* iOSConnectivity.swift in Sources */,
				2B2DC1BF2C84D5B7004B28DA /* HeartTrackerApp.swift in Sources */,
			);
			runOnlyForDeploymentPostprocessing = 0;
		};
/* End PBXSourcesBuildPhase section */

/* Begin PBXTargetDependency section */
		2B2DC1BC2C84D5B7004B28DA /* PBXTargetDependency */ = {
			isa = PBXTargetDependency;
			target = 2B2DC1B82C84D5B7004B28DA /* HeartTracker Watch App */;
			targetProxy = 2B2DC1BB2C84D5B7004B28DA /* PBXContainerItemProxy */;
		};
/* End PBXTargetDependency section */

/* Begin XCBuildConfiguration section */
		2B2C86262C84C736000A05D6 /* Debug */ = {
			isa = XCBuildConfiguration;
			buildSettings = {
				ALWAYS_SEARCH_USER_PATHS = NO;
				ASSETCATALOG_COMPILER_GENERATE_SWIFT_ASSET_SYMBOL_EXTENSIONS = YES;
				CLANG_ANALYZER_NONNULL = YES;
				CLANG_ANALYZER_NUMBER_OBJECT_CONVERSION = YES_AGGRESSIVE;
				CLANG_CXX_LANGUAGE_STANDARD = "gnu++20";
				CLANG_ENABLE_MODULES = YES;
				CLANG_ENABLE_OBJC_ARC = YES;
				CLANG_ENABLE_OBJC_WEAK = YES;
				CLANG_WARN_BLOCK_CAPTURE_AUTORELEASING = YES;
				CLANG_WARN_BOOL_CONVERSION = YES;
				CLANG_WARN_COMMA = YES;
				CLANG_WARN_CONSTANT_CONVERSION = YES;
				CLANG_WARN_DEPRECATED_OBJC_IMPLEMENTATIONS = YES;
				CLANG_WARN_DIRECT_OBJC_ISA_USAGE = YES_ERROR;
				CLANG_WARN_DOCUMENTATION_COMMENTS = YES;
				CLANG_WARN_EMPTY_BODY = YES;
				CLANG_WARN_ENUM_CONVERSION = YES;
				CLANG_WARN_INFINITE_RECURSION = YES;
				CLANG_WARN_INT_CONVERSION = YES;
				CLANG_WARN_NON_LITERAL_NULL_CONVERSION = YES;
				CLANG_WARN_OBJC_IMPLICIT_RETAIN_SELF = YES;
				CLANG_WARN_OBJC_LITERAL_CONVERSION = YES;
				CLANG_WARN_OBJC_ROOT_CLASS = YES_ERROR;
				CLANG_WARN_QUOTED_INCLUDE_IN_FRAMEWORK_HEADER = YES;
				CLANG_WARN_RANGE_LOOP_ANALYSIS = YES;
				CLANG_WARN_STRICT_PROTOTYPES = YES;
				CLANG_WARN_SUSPICIOUS_MOVE = YES;
				CLANG_WARN_UNGUARDED_AVAILABILITY = YES_AGGRESSIVE;
				CLANG_WARN_UNREACHABLE_CODE = YES;
				CLANG_WARN__DUPLICATE_METHOD_MATCH = YES;
				COPY_PHASE_STRIP = NO;
				DEBUG_INFORMATION_FORMAT = dwarf;
				ENABLE_STRICT_OBJC_MSGSEND = YES;
				ENABLE_TESTABILITY = YES;
				ENABLE_USER_SCRIPT_SANDBOXING = YES;
				GCC_C_LANGUAGE_STANDARD = gnu17;
				GCC_DYNAMIC_NO_PIC = NO;
				GCC_NO_COMMON_BLOCKS = YES;
				GCC_OPTIMIZATION_LEVEL = 0;
				GCC_PREPROCESSOR_DEFINITIONS = (
					"DEBUG=1",
					"$(inherited)",
				);
				GCC_WARN_64_TO_32_BIT_CONVERSION = YES;
				GCC_WARN_ABOUT_RETURN_TYPE = YES_ERROR;
				GCC_WARN_UNDECLARED_SELECTOR = YES;
				GCC_WARN_UNINITIALIZED_AUTOS = YES_AGGRESSIVE;
				GCC_WARN_UNUSED_FUNCTION = YES;
				GCC_WARN_UNUSED_VARIABLE = YES;
				IPHONEOS_DEPLOYMENT_TARGET = 17.5;
				LOCALIZATION_PREFERS_STRING_CATALOGS = YES;
				MTL_ENABLE_DEBUG_INFO = INCLUDE_SOURCE;
				MTL_FAST_MATH = YES;
				ONLY_ACTIVE_ARCH = YES;
				SDKROOT = watchos;
				SWIFT_ACTIVE_COMPILATION_CONDITIONS = "DEBUG $(inherited)";
				SWIFT_OPTIMIZATION_LEVEL = "-Onone";
			};
			name = Debug;
		};
		2B2C86272C84C736000A05D6 /* Release */ = {
			isa = XCBuildConfiguration;
			buildSettings = {
				ALWAYS_SEARCH_USER_PATHS = NO;
				ASSETCATALOG_COMPILER_GENERATE_SWIFT_ASSET_SYMBOL_EXTENSIONS = YES;
				CLANG_ANALYZER_NONNULL = YES;
				CLANG_ANALYZER_NUMBER_OBJECT_CONVERSION = YES_AGGRESSIVE;
				CLANG_CXX_LANGUAGE_STANDARD = "gnu++20";
				CLANG_ENABLE_MODULES = YES;
				CLANG_ENABLE_OBJC_ARC = YES;
				CLANG_ENABLE_OBJC_WEAK = YES;
				CLANG_WARN_BLOCK_CAPTURE_AUTORELEASING = YES;
				CLANG_WARN_BOOL_CONVERSION = YES;
				CLANG_WARN_COMMA = YES;
				CLANG_WARN_CONSTANT_CONVERSION = YES;
				CLANG_WARN_DEPRECATED_OBJC_IMPLEMENTATIONS = YES;
				CLANG_WARN_DIRECT_OBJC_ISA_USAGE = YES_ERROR;
				CLANG_WARN_DOCUMENTATION_COMMENTS = YES;
				CLANG_WARN_EMPTY_BODY = YES;
				CLANG_WARN_ENUM_CONVERSION = YES;
				CLANG_WARN_INFINITE_RECURSION = YES;
				CLANG_WARN_INT_CONVERSION = YES;
				CLANG_WARN_NON_LITERAL_NULL_CONVERSION = YES;
				CLANG_WARN_OBJC_IMPLICIT_RETAIN_SELF = YES;
				CLANG_WARN_OBJC_LITERAL_CONVERSION = YES;
				CLANG_WARN_OBJC_ROOT_CLASS = YES_ERROR;
				CLANG_WARN_QUOTED_INCLUDE_IN_FRAMEWORK_HEADER = YES;
				CLANG_WARN_RANGE_LOOP_ANALYSIS = YES;
				CLANG_WARN_STRICT_PROTOTYPES = YES;
				CLANG_WARN_SUSPICIOUS_MOVE = YES;
				CLANG_WARN_UNGUARDED_AVAILABILITY = YES_AGGRESSIVE;
				CLANG_WARN_UNREACHABLE_CODE = YES;
				CLANG_WARN__DUPLICATE_METHOD_MATCH = YES;
				COPY_PHASE_STRIP = NO;
				DEBUG_INFORMATION_FORMAT = "dwarf-with-dsym";
				ENABLE_NS_ASSERTIONS = NO;
				ENABLE_STRICT_OBJC_MSGSEND = YES;
				ENABLE_USER_SCRIPT_SANDBOXING = YES;
				GCC_C_LANGUAGE_STANDARD = gnu17;
				GCC_NO_COMMON_BLOCKS = YES;
				GCC_WARN_64_TO_32_BIT_CONVERSION = YES;
				GCC_WARN_ABOUT_RETURN_TYPE = YES_ERROR;
				GCC_WARN_UNDECLARED_SELECTOR = YES;
				GCC_WARN_UNINITIALIZED_AUTOS = YES_AGGRESSIVE;
				GCC_WARN_UNUSED_FUNCTION = YES;
				GCC_WARN_UNUSED_VARIABLE = YES;
				IPHONEOS_DEPLOYMENT_TARGET = 17.5;
				LOCALIZATION_PREFERS_STRING_CATALOGS = YES;
				MTL_ENABLE_DEBUG_INFO = NO;
				MTL_FAST_MATH = YES;
				SDKROOT = watchos;
				SWIFT_COMPILATION_MODE = wholemodule;
				VALIDATE_PRODUCT = YES;
			};
			name = Release;
		};
		2B2DC1C82C84D5B8004B28DA /* Debug */ = {
			isa = XCBuildConfiguration;
			buildSettings = {
				ASSETCATALOG_COMPILER_APPICON_NAME = AppIcon;
				ASSETCATALOG_COMPILER_GLOBAL_ACCENT_COLOR_NAME = AccentColor;
				CODE_SIGN_ENTITLEMENTS = "HeartTracker Watch App/HeartTracker Watch App.entitlements";
				CODE_SIGN_STYLE = Automatic;
				CURRENT_PROJECT_VERSION = 1;
				DEVELOPMENT_ASSET_PATHS = "\"HeartTracker Watch App/Preview Content\"";
				DEVELOPMENT_TEAM = 8HM2XMG9QM;
				ENABLE_PREVIEWS = YES;
				GENERATE_INFOPLIST_FILE = YES;
				INFOPLIST_KEY_NSHealthShareUsageDescription = "health share request";
				INFOPLIST_KEY_NSHealthUpdateUsageDescription = "health update request";
				INFOPLIST_KEY_UISupportedInterfaceOrientations = "UIInterfaceOrientationPortrait UIInterfaceOrientationPortraitUpsideDown";
				INFOPLIST_KEY_WKCompanionAppBundleIdentifier = HeartRateTracker.HeartTracker;
				LD_RUNPATH_SEARCH_PATHS = (
					"$(inherited)",
					"@executable_path/Frameworks",
				);
				MARKETING_VERSION = 1.0;
				PRODUCT_BUNDLE_IDENTIFIER = HeartRateTracker.HeartTracker.watchkitapp;
				PRODUCT_NAME = HeartTracker;
				SKIP_INSTALL = YES;
				SWIFT_EMIT_LOC_STRINGS = YES;
				SWIFT_VERSION = 5.0;
				TARGETED_DEVICE_FAMILY = 4;
				WATCHOS_DEPLOYMENT_TARGET = 10.5;
			};
			name = Debug;
		};
		2B2DC1C92C84D5B8004B28DA /* Release */ = {
			isa = XCBuildConfiguration;
			buildSettings = {
				ASSETCATALOG_COMPILER_APPICON_NAME = AppIcon;
				ASSETCATALOG_COMPILER_GLOBAL_ACCENT_COLOR_NAME = AccentColor;
				CODE_SIGN_ENTITLEMENTS = "HeartTracker Watch App/HeartTracker Watch App.entitlements";
				CODE_SIGN_STYLE = Automatic;
				CURRENT_PROJECT_VERSION = 1;
				DEVELOPMENT_ASSET_PATHS = "\"HeartTracker Watch App/Preview Content\"";
				DEVELOPMENT_TEAM = 8HM2XMG9QM;
				ENABLE_PREVIEWS = YES;
				GENERATE_INFOPLIST_FILE = YES;
				INFOPLIST_KEY_NSHealthShareUsageDescription = "health share request";
				INFOPLIST_KEY_NSHealthUpdateUsageDescription = "health update request";
				INFOPLIST_KEY_UISupportedInterfaceOrientations = "UIInterfaceOrientationPortrait UIInterfaceOrientationPortraitUpsideDown";
				INFOPLIST_KEY_WKCompanionAppBundleIdentifier = HeartRateTracker.HeartTracker;
				LD_RUNPATH_SEARCH_PATHS = (
					"$(inherited)",
					"@executable_path/Frameworks",
				);
				MARKETING_VERSION = 1.0;
				PRODUCT_BUNDLE_IDENTIFIER = HeartRateTracker.HeartTracker.watchkitapp;
				PRODUCT_NAME = HeartTracker;
				SKIP_INSTALL = YES;
				SWIFT_EMIT_LOC_STRINGS = YES;
				SWIFT_VERSION = 5.0;
				TARGETED_DEVICE_FAMILY = 4;
				WATCHOS_DEPLOYMENT_TARGET = 10.5;
			};
			name = Release;
		};
		2B2DC1CC2C84D5B8004B28DA /* Debug */ = {
			isa = XCBuildConfiguration;
			buildSettings = {
				ALWAYS_EMBED_SWIFT_STANDARD_LIBRARIES = YES;
				ASSETCATALOG_COMPILER_APPICON_NAME = AppIcon;
				ASSETCATALOG_COMPILER_GLOBAL_ACCENT_COLOR_NAME = AccentColor;
				CODE_SIGN_ENTITLEMENTS = HeartTracker/HeartTracker.entitlements;
				CODE_SIGN_STYLE = Automatic;
				CURRENT_PROJECT_VERSION = 1;
				DEVELOPMENT_ASSET_PATHS = "\"HeartTracker/Preview Content\"";
				DEVELOPMENT_TEAM = 8HM2XMG9QM;
				ENABLE_PREVIEWS = YES;
				GENERATE_INFOPLIST_FILE = YES;
				INFOPLIST_KEY_CFBundleDisplayName = HeartTracker;
				INFOPLIST_KEY_UIApplicationSceneManifest_Generation = YES;
				INFOPLIST_KEY_UIApplicationSupportsIndirectInputEvents = YES;
				INFOPLIST_KEY_UILaunchScreen_Generation = YES;
				INFOPLIST_KEY_UISupportedInterfaceOrientations_iPad = "UIInterfaceOrientationPortrait UIInterfaceOrientationPortraitUpsideDown UIInterfaceOrientationLandscapeLeft UIInterfaceOrientationLandscapeRight";
				INFOPLIST_KEY_UISupportedInterfaceOrientations_iPhone = "UIInterfaceOrientationPortrait UIInterfaceOrientationLandscapeLeft UIInterfaceOrientationLandscapeRight";
				LD_RUNPATH_SEARCH_PATHS = (
					"$(inherited)",
					"@executable_path/Frameworks",
				);
				MARKETING_VERSION = 1.0;
				PRODUCT_BUNDLE_IDENTIFIER = HeartRateTracker.HeartTracker;
				PRODUCT_NAME = "$(TARGET_NAME)";
				SDKROOT = iphoneos;
				SWIFT_EMIT_LOC_STRINGS = YES;
				SWIFT_VERSION = 5.0;
				TARGETED_DEVICE_FAMILY = "1,2";
			};
			name = Debug;
		};
		2B2DC1CD2C84D5B8004B28DA /* Release */ = {
			isa = XCBuildConfiguration;
			buildSettings = {
				ALWAYS_EMBED_SWIFT_STANDARD_LIBRARIES = YES;
				ASSETCATALOG_COMPILER_APPICON_NAME = AppIcon;
				ASSETCATALOG_COMPILER_GLOBAL_ACCENT_COLOR_NAME = AccentColor;
				CODE_SIGN_ENTITLEMENTS = HeartTracker/HeartTracker.entitlements;
				CODE_SIGN_STYLE = Automatic;
				CURRENT_PROJECT_VERSION = 1;
				DEVELOPMENT_ASSET_PATHS = "\"HeartTracker/Preview Content\"";
				DEVELOPMENT_TEAM = 8HM2XMG9QM;
				ENABLE_PREVIEWS = YES;
				GENERATE_INFOPLIST_FILE = YES;
				INFOPLIST_KEY_CFBundleDisplayName = HeartTracker;
				INFOPLIST_KEY_UIApplicationSceneManifest_Generation = YES;
				INFOPLIST_KEY_UIApplicationSupportsIndirectInputEvents = YES;
				INFOPLIST_KEY_UILaunchScreen_Generation = YES;
				INFOPLIST_KEY_UISupportedInterfaceOrientations_iPad = "UIInterfaceOrientationPortrait UIInterfaceOrientationPortraitUpsideDown UIInterfaceOrientationLandscapeLeft UIInterfaceOrientationLandscapeRight";
				INFOPLIST_KEY_UISupportedInterfaceOrientations_iPhone = "UIInterfaceOrientationPortrait UIInterfaceOrientationLandscapeLeft UIInterfaceOrientationLandscapeRight";
				LD_RUNPATH_SEARCH_PATHS = (
					"$(inherited)",
					"@executable_path/Frameworks",
				);
				MARKETING_VERSION = 1.0;
				PRODUCT_BUNDLE_IDENTIFIER = HeartRateTracker.HeartTracker;
				PRODUCT_NAME = "$(TARGET_NAME)";
				SDKROOT = iphoneos;
				SWIFT_EMIT_LOC_STRINGS = YES;
				SWIFT_VERSION = 5.0;
				TARGETED_DEVICE_FAMILY = "1,2";
			};
			name = Release;
		};
/* End XCBuildConfiguration section */

/* Begin XCConfigurationList section */
		2B2C86152C84C733000A05D6 /* Build configuration list for PBXProject "HeartRateTracker" */ = {
			isa = XCConfigurationList;
			buildConfigurations = (
				2B2C86262C84C736000A05D6 /* Debug */,
				2B2C86272C84C736000A05D6 /* Release */,
			);
			defaultConfigurationIsVisible = 0;
			defaultConfigurationName = Release;
		};
		2B2DC1C72C84D5B8004B28DA /* Build configuration list for PBXNativeTarget "HeartTracker Watch App" */ = {
			isa = XCConfigurationList;
			buildConfigurations = (
				2B2DC1C82C84D5B8004B28DA /* Debug */,
				2B2DC1C92C84D5B8004B28DA /* Release */,
			);
			defaultConfigurationIsVisible = 0;
			defaultConfigurationName = Release;
		};
		2B2DC1CB2C84D5B8004B28DA /* Build configuration list for PBXNativeTarget "HeartTracker" */ = {
			isa = XCConfigurationList;
			buildConfigurations = (
				2B2DC1CC2C84D5B8004B28DA /* Debug */,
				2B2DC1CD2C84D5B8004B28DA /* Release */,
			);
			defaultConfigurationIsVisible = 0;
			defaultConfigurationName = Release;
		};
/* End XCConfigurationList section */
	};
	rootObject = 2B2C86122C84C733000A05D6 /* Project object */;
}
